
Microsoft Visual Studio Solution File, Format Version 12.00
# Visual Studio Version 17
VisualStudioVersion = 17.0.31717.71
MinimumVisualStudioVersion = 10.0.40219.1
Project("{9A19103F-16F7-4668-BE54-9A1E7A4F7556}") = "Compare.The.Triplets", "CompareTheTriplets\Compare.The.Triplets\Compare.The.Triplets.csproj", "{D4DC3D7F-BB94-4557-AF84-81BCB52E8F0F}"
EndProject
Project("{2150E333-8FDC-42A3-9474-1A3956D46DE8}") = "CompareTheTriplets", "CompareTheTriplets", "{CF1C9406-51AB-47E3-B8C2-7B24C5FF3FE4}"
EndProject
Project("{2150E333-8FDC-42A3-9474-1A3956D46DE8}") = "AVeryBigSum", "AVeryBigSum", "{2D855A68-88E7-4343-89B5-7B2F6D994E35}"
EndProject
Project("{9A19103F-16F7-4668-BE54-9A1E7A4F7556}") = "AVeryBigSum", "AVeryBigSum\AVeryBigSum\AVeryBigSum.csproj", "{4F6306A2-F7C3-4AC6-97FA-722483FF0FE9}"
EndProject
Project("{2150E333-8FDC-42A3-9474-1A3956D46DE8}") = "DiagonalDifference", "DiagonalDifference", "{47B75A10-D10D-4F42-AE17-564D8EF4DF0A}"
EndProject
Project("{9A19103F-16F7-4668-BE54-9A1E7A4F7556}") = "DiagonalDifference", "DiagonalDifference\DiagonalDifference\DiagonalDifference.csproj", "{EBD0767E-F718-4850-B030-6D280853BD5D}"
EndProject
Project("{2150E333-8FDC-42A3-9474-1A3956D46DE8}") = "PlusMinus", "PlusMinus", "{A2F4AB02-1B14-4B3A-8DC4-F9B520649C73}"
EndProject
Project("{9A19103F-16F7-4668-BE54-9A1E7A4F7556}") = "PlusMinus", "PlusMinus\PlusMinus\PlusMinus.csproj", "{2B0D6C48-17FD-47FE-B308-1FA62F1129B8}"
EndProject
Project("{2150E333-8FDC-42A3-9474-1A3956D46DE8}") = "Staircase", "Staircase", "{8C9BC204-C126-48EC-ACBF-60CE3D8E715D}"
EndProject
Project("{9A19103F-16F7-4668-BE54-9A1E7A4F7556}") = "Staircase", "Staircase\Staircase\Staircase.csproj", "{6C0738D6-5BCE-4682-9610-4458C04567EC}"
EndProject
Project("{FAE04EC0-301F-11D3-BF4B-00C04F79EFBC}") = "MinMaxSum", "MiniMaxSum\MinMaxSum\MinMaxSum.csproj", "{6A5A2003-2B9D-45AE-ACD1-BEDE8A58B46F}"
EndProject
Global
	GlobalSection(SolutionConfigurationPlatforms) = preSolution
		Debug|Any CPU = Debug|Any CPU
		Release|Any CPU = Release|Any CPU
	EndGlobalSection
	GlobalSection(ProjectConfigurationPlatforms) = postSolution
		{D4DC3D7F-BB94-4557-AF84-81BCB52E8F0F}.Debug|Any CPU.ActiveCfg = Debug|Any CPU
		{D4DC3D7F-BB94-4557-AF84-81BCB52E8F0F}.Debug|Any CPU.Build.0 = Debug|Any CPU
		{D4DC3D7F-BB94-4557-AF84-81BCB52E8F0F}.Release|Any CPU.ActiveCfg = Release|Any CPU
		{D4DC3D7F-BB94-4557-AF84-81BCB52E8F0F}.Release|Any CPU.Build.0 = Release|Any CPU
		{4F6306A2-F7C3-4AC6-97FA-722483FF0FE9}.Debug|Any CPU.ActiveCfg = Debug|Any CPU
		{4F6306A2-F7C3-4AC6-97FA-722483FF0FE9}.Debug|Any CPU.Build.0 = Debug|Any CPU
		{4F6306A2-F7C3-4AC6-97FA-722483FF0FE9}.Release|Any CPU.ActiveCfg = Release|Any CPU
		{4F6306A2-F7C3-4AC6-97FA-722483FF0FE9}.Release|Any CPU.Build.0 = Release|Any CPU
		{EBD0767E-F718-4850-B030-6D280853BD5D}.Debug|Any CPU.ActiveCfg = Debug|Any CPU
		{EBD0767E-F718-4850-B030-6D280853BD5D}.Debug|Any CPU.Build.0 = Debug|Any CPU
		{EBD0767E-F718-4850-B030-6D280853BD5D}.Release|Any CPU.ActiveCfg = Release|Any CPU
		{EBD0767E-F718-4850-B030-6D280853BD5D}.Release|Any CPU.Build.0 = Release|Any CPU
		{2B0D6C48-17FD-47FE-B308-1FA62F1129B8}.Debug|Any CPU.ActiveCfg = Debug|Any CPU
		{2B0D6C48-17FD-47FE-B308-1FA62F1129B8}.Debug|Any CPU.Build.0 = Debug|Any CPU
		{2B0D6C48-17FD-47FE-B308-1FA62F1129B8}.Release|Any CPU.ActiveCfg = Release|Any CPU
		{2B0D6C48-17FD-47FE-B308-1FA62F1129B8}.Release|Any CPU.Build.0 = Release|Any CPU
		{6C0738D6-5BCE-4682-9610-4458C04567EC}.Debug|Any CPU.ActiveCfg = Debug|Any CPU
		{6C0738D6-5BCE-4682-9610-4458C04567EC}.Debug|Any CPU.Build.0 = Debug|Any CPU
		{6C0738D6-5BCE-4682-9610-4458C04567EC}.Release|Any CPU.ActiveCfg = Release|Any CPU
		{6C0738D6-5BCE-4682-9610-4458C04567EC}.Release|Any CPU.Build.0 = Release|Any CPU
		{6A5A2003-2B9D-45AE-ACD1-BEDE8A58B46F}.Debug|Any CPU.ActiveCfg = Debug|Any CPU
		{6A5A2003-2B9D-45AE-ACD1-BEDE8A58B46F}.Debug|Any CPU.Build.0 = Debug|Any CPU
		{6A5A2003-2B9D-45AE-ACD1-BEDE8A58B46F}.Release|Any CPU.ActiveCfg = Release|Any CPU
		{6A5A2003-2B9D-45AE-ACD1-BEDE8A58B46F}.Release|Any CPU.Build.0 = Release|Any CPU
	EndGlobalSection
	GlobalSection(SolutionProperties) = preSolution
		HideSolutionNode = FALSE
	EndGlobalSection
	GlobalSection(NestedProjects) = preSolution
		{D4DC3D7F-BB94-4557-AF84-81BCB52E8F0F} = {CF1C9406-51AB-47E3-B8C2-7B24C5FF3FE4}
		{4F6306A2-F7C3-4AC6-97FA-722483FF0FE9} = {2D855A68-88E7-4343-89B5-7B2F6D994E35}
		{EBD0767E-F718-4850-B030-6D280853BD5D} = {47B75A10-D10D-4F42-AE17-564D8EF4DF0A}
		{2B0D6C48-17FD-47FE-B308-1FA62F1129B8} = {A2F4AB02-1B14-4B3A-8DC4-F9B520649C73}
		{6C0738D6-5BCE-4682-9610-4458C04567EC} = {8C9BC204-C126-48EC-ACBF-60CE3D8E715D}
	EndGlobalSection
	GlobalSection(ExtensibilityGlobals) = postSolution
		SolutionGuid = {0AB379D5-E8E0-4D3F-9F1F-961B58F2AD16}
	EndGlobalSection
EndGlobal
